// !$*UTF8*$!
{
	archiveVersion = 1;
	classes = {
	};
	objectVersion = 46;
	objects = {

/* Begin PBXBuildFile section */
		AD0887851D1B776F00877D4F /* main.m in Sources */ = {isa = PBXBuildFile; fileRef = AD0887841D1B776F00877D4F /* main.m */; };
		AD0887881D1B776F00877D4F /* AppDelegate.m in Sources */ = {isa = PBXBuildFile; fileRef = AD0887871D1B776F00877D4F /* AppDelegate.m */; };
		AD08878B1D1B776F00877D4F /* ViewController.m in Sources */ = {isa = PBXBuildFile; fileRef = AD08878A1D1B776F00877D4F /* ViewController.m */; };
		AD08878E1D1B776F00877D4F /* Main.storyboard in Resources */ = {isa = PBXBuildFile; fileRef = AD08878C1D1B776F00877D4F /* Main.storyboard */; };
		AD0887901D1B776F00877D4F /* Assets.xcassets in Resources */ = {isa = PBXBuildFile; fileRef = AD08878F1D1B776F00877D4F /* Assets.xcassets */; };
		AD0887931D1B776F00877D4F /* LaunchScreen.storyboard in Resources */ = {isa = PBXBuildFile; fileRef = AD0887911D1B776F00877D4F /* LaunchScreen.storyboard */; };
		AD08879E1D1B776F00877D4F /* _____3Tests.m in Sources */ = {isa = PBXBuildFile; fileRef = AD08879D1D1B776F00877D4F /* _____3Tests.m */; };
		AD0887A91D1B776F00877D4F /* _____3UITests.m in Sources */ = {isa = PBXBuildFile; fileRef = AD0887A81D1B776F00877D4F /* _____3UITests.m */; };
		AD0887B81D1B793F00877D4F /* MyUIView.m in Sources */ = {isa = PBXBuildFile; fileRef = AD0887B71D1B793F00877D4F /* MyUIView.m */; };
		AD0887C11D1B795F00877D4F /* 1.png in Resources */ = {isa = PBXBuildFile; fileRef = AD0887B91D1B795F00877D4F /* 1.png */; };
		AD0887C21D1B795F00877D4F /* 2.png in Resources */ = {isa = PBXBuildFile; fileRef = AD0887BA1D1B795F00877D4F /* 2.png */; };
		AD0887C31D1B795F00877D4F /* 3.png in Resources */ = {isa = PBXBuildFile; fileRef = AD0887BB1D1B795F00877D4F /* 3.png */; };
		AD0887C41D1B795F00877D4F /* 4.png in Resources */ = {isa = PBXBuildFile; fileRef = AD0887BC1D1B795F00877D4F /* 4.png */; };
		AD0887C51D1B795F00877D4F /* 5.png in Resources */ = {isa = PBXBuildFile; fileRef = AD0887BD1D1B795F00877D4F /* 5.png */; };
		AD0887C61D1B795F00877D4F /* 6.png in Resources */ = {isa = PBXBuildFile; fileRef = AD0887BE1D1B795F00877D4F /* 6.png */; };
		AD0887C71D1B795F00877D4F /* 7.png in Resources */ = {isa = PBXBuildFile; fileRef = AD0887BF1D1B795F00877D4F /* 7.png */; };
		AD0887C81D1B795F00877D4F /* 8.png in Resources */ = {isa = PBXBuildFile; fileRef = AD0887C01D1B795F00877D4F /* 8.png */; };
/* End PBXBuildFile section */

/* Begin PBXContainerItemProxy section */
		AD08879A1D1B776F00877D4F /* PBXContainerItemProxy */ = {
			isa = PBXContainerItemProxy;
			containerPortal = AD0887781D1B776F00877D4F /* Project object */;
			proxyType = 1;
			remoteGlobalIDString = AD08877F1D1B776F00877D4F;
			remoteInfo = "轮播图作业3";
		};
		AD0887A51D1B776F00877D4F /* PBXContainerItemProxy */ = {
			isa = PBXContainerItemProxy;
			containerPortal = AD0887781D1B776F00877D4F /* Project object */;
			proxyType = 1;
			remoteGlobalIDString = AD08877F1D1B776F00877D4F;
			remoteInfo = "轮播图作业3";
		};
/* End PBXContainerItemProxy section */

/* Begin PBXFileReference section */
		AD0887801D1B776F00877D4F /* 轮播图作业3.app */ = {isa = PBXFileReference; explicitFileType = wrapper.application; includeInIndex = 0; path = "轮播图作业3.app"; sourceTree = BUILT_PRODUCTS_DIR; };
		AD0887841D1B776F00877D4F /* main.m */ = {isa = PBXFileReference; lastKnownFileType = sourcecode.c.objc; path = main.m; sourceTree = "<group>"; };
		AD0887861D1B776F00877D4F /* AppDelegate.h */ = {isa = PBXFileReference; lastKnownFileType = sourcecode.c.h; path = AppDelegate.h; sourceTree = "<group>"; };
		AD0887871D1B776F00877D4F /* AppDelegate.m */ = {isa = PBXFileReference; lastKnownFileType = sourcecode.c.objc; path = AppDelegate.m; sourceTree = "<group>"; };
		AD0887891D1B776F00877D4F /* ViewController.h */ = {isa = PBXFileReference; lastKnownFileType = sourcecode.c.h; path = ViewController.h; sourceTree = "<group>"; };
		AD08878A1D1B776F00877D4F /* ViewController.m */ = {isa = PBXFileReference; lastKnownFileType = sourcecode.c.objc; path = ViewController.m; sourceTree = "<group>"; };
		AD08878D1D1B776F00877D4F /* Base */ = {isa = PBXFileReference; lastKnownFileType = file.storyboard; name = Base; path = Base.lproj/Main.storyboard; sourceTree = "<group>"; };
		AD08878F1D1B776F00877D4F /* Assets.xcassets */ = {isa = PBXFileReference; lastKnownFileType = folder.assetcatalog; path = Assets.xcassets; sourceTree = "<group>"; };
		AD0887921D1B776F00877D4F /* Base */ = {isa = PBXFileReference; lastKnownFileType = file.storyboard; name = Base; path = Base.lproj/LaunchScreen.storyboard; sourceTree = "<group>"; };
		AD0887941D1B776F00877D4F /* Info.plist */ = {isa = PBXFileReference; lastKnownFileType = text.plist.xml; path = Info.plist; sourceTree = "<group>"; };
		AD0887991D1B776F00877D4F /* 轮播图作业3Tests.xctest */ = {isa = PBXFileReference; explicitFileType = wrapper.cfbundle; includeInIndex = 0; path = "轮播图作业3Tests.xctest"; sourceTree = BUILT_PRODUCTS_DIR; };
		AD08879D1D1B776F00877D4F /* _____3Tests.m */ = {isa = PBXFileReference; lastKnownFileType = sourcecode.c.objc; path = "_____3Tests.m"; sourceTree = "<group>"; };
		AD08879F1D1B776F00877D4F /* Info.plist */ = {isa = PBXFileReference; lastKnownFileType = text.plist.xml; path = Info.plist; sourceTree = "<group>"; };
		AD0887A41D1B776F00877D4F /* 轮播图作业3UITests.xctest */ = {isa = PBXFileReference; explicitFileType = wrapper.cfbundle; includeInIndex = 0; path = "轮播图作业3UITests.xctest"; sourceTree = BUILT_PRODUCTS_DIR; };
		AD0887A81D1B776F00877D4F /* _____3UITests.m */ = {isa = PBXFileReference; lastKnownFileType = sourcecode.c.objc; path = "_____3UITests.m"; sourceTree = "<group>"; };
		AD0887AA1D1B776F00877D4F /* Info.plist */ = {isa = PBXFileReference; lastKnownFileType = text.plist.xml; path = Info.plist; sourceTree = "<group>"; };
		AD0887B61D1B793F00877D4F /* MyUIView.h */ = {isa = PBXFileReference; fileEncoding = 4; lastKnownFileType = sourcecode.c.h; path = MyUIView.h; sourceTree = "<group>"; };
		AD0887B71D1B793F00877D4F /* MyUIView.m */ = {isa = PBXFileReference; fileEncoding = 4; lastKnownFileType = sourcecode.c.objc; path = MyUIView.m; sourceTree = "<group>"; };
		AD0887B91D1B795F00877D4F /* 1.png */ = {isa = PBXFileReference; lastKnownFileType = image.png; path = 1.png; sourceTree = "<group>"; };
		AD0887BA1D1B795F00877D4F /* 2.png */ = {isa = PBXFileReference; lastKnownFileType = image.png; path = 2.png; sourceTree = "<group>"; };
		AD0887BB1D1B795F00877D4F /* 3.png */ = {isa = PBXFileReference; lastKnownFileType = image.png; path = 3.png; sourceTree = "<group>"; };
		AD0887BC1D1B795F00877D4F /* 4.png */ = {isa = PBXFileReference; lastKnownFileType = image.png; path = 4.png; sourceTree = "<group>"; };
		AD0887BD1D1B795F00877D4F /* 5.png */ = {isa = PBXFileReference; lastKnownFileType = image.png; path = 5.png; sourceTree = "<group>"; };
		AD0887BE1D1B795F00877D4F /* 6.png */ = {isa = PBXFileReference; lastKnownFileType = image.png; path = 6.png; sourceTree = "<group>"; };
		AD0887BF1D1B795F00877D4F /* 7.png */ = {isa = PBXFileReference; lastKnownFileType = image.png; path = 7.png; sourceTree = "<group>"; };
		AD0887C01D1B795F00877D4F /* 8.png */ = {isa = PBXFileReference; lastKnownFileType = image.png; path = 8.png; sourceTree = "<group>"; };
/* End PBXFileReference section */

/* Begin PBXFrameworksBuildPhase section */
		AD08877D1D1B776F00877D4F /* Frameworks */ = {
			isa = PBXFrameworksBuildPhase;
			buildActionMask = 2147483647;
			files = (
			);
			runOnlyForDeploymentPostprocessing = 0;
		};
		AD0887961D1B776F00877D4F /* Frameworks */ = {
			isa = PBXFrameworksBuildPhase;
			buildActionMask = 2147483647;
			files = (
			);
			runOnlyForDeploymentPostprocessing = 0;
		};
		AD0887A11D1B776F00877D4F /* Frameworks */ = {
			isa = PBXFrameworksBuildPhase;
			buildActionMask = 2147483647;
			files = (
			);
			runOnlyForDeploymentPostprocessing = 0;
		};
/* End PBXFrameworksBuildPhase section */

/* Begin PBXGroup section */
		AD0887771D1B776F00877D4F = {
			isa = PBXGroup;
			children = (
				AD0887821D1B776F00877D4F /* 轮播图作业3 */,
				AD08879C1D1B776F00877D4F /* 轮播图作业3Tests */,
				AD0887A71D1B776F00877D4F /* 轮播图作业3UITests */,
				AD0887811D1B776F00877D4F /* Products */,
			);
			sourceTree = "<group>";
		};
		AD0887811D1B776F00877D4F /* Products */ = {
			isa = PBXGroup;
			children = (
				AD0887801D1B776F00877D4F /* 轮播图作业3.app */,
				AD0887991D1B776F00877D4F /* 轮播图作业3Tests.xctest */,
				AD0887A41D1B776F00877D4F /* 轮播图作业3UITests.xctest */,
			);
			name = Products;
			sourceTree = "<group>";
		};
		AD0887821D1B776F00877D4F /* 轮播图作业3 */ = {
			isa = PBXGroup;
			children = (
				AD0887B61D1B793F00877D4F /* MyUIView.h */,
				AD0887B71D1B793F00877D4F /* MyUIView.m */,
				AD0887891D1B776F00877D4F /* ViewController.h */,
				AD08878A1D1B776F00877D4F /* ViewController.m */,
				AD08878C1D1B776F00877D4F /* Main.storyboard */,
				AD0887861D1B776F00877D4F /* AppDelegate.h */,
				AD0887871D1B776F00877D4F /* AppDelegate.m */,
				AD08878F1D1B776F00877D4F /* Assets.xcassets */,
				AD0887911D1B776F00877D4F /* LaunchScreen.storyboard */,
				AD0887941D1B776F00877D4F /* Info.plist */,
				AD0887831D1B776F00877D4F /* Supporting Files */,
			);
			path = "轮播图作业3";
			sourceTree = "<group>";
		};
		AD0887831D1B776F00877D4F /* Supporting Files */ = {
			isa = PBXGroup;
			children = (
				AD0887B91D1B795F00877D4F /* 1.png */,
				AD0887BA1D1B795F00877D4F /* 2.png */,
				AD0887BB1D1B795F00877D4F /* 3.png */,
				AD0887BC1D1B795F00877D4F /* 4.png */,
				AD0887BD1D1B795F00877D4F /* 5.png */,
				AD0887BE1D1B795F00877D4F /* 6.png */,
				AD0887BF1D1B795F00877D4F /* 7.png */,
				AD0887C01D1B795F00877D4F /* 8.png */,
				AD0887841D1B776F00877D4F /* main.m */,
			);
			name = "Supporting Files";
			sourceTree = "<group>";
		};
		AD08879C1D1B776F00877D4F /* 轮播图作业3Tests */ = {
			isa = PBXGroup;
			children = (
				AD08879D1D1B776F00877D4F /* _____3Tests.m */,
				AD08879F1D1B776F00877D4F /* Info.plist */,
			);
			path = "轮播图作业3Tests";
			sourceTree = "<group>";
		};
		AD0887A71D1B776F00877D4F /* 轮播图作业3UITests */ = {
			isa = PBXGroup;
			children = (
				AD0887A81D1B776F00877D4F /* _____3UITests.m */,
				AD0887AA1D1B776F00877D4F /* Info.plist */,
			);
			path = "轮播图作业3UITests";
			sourceTree = "<group>";
		};
/* End PBXGroup section */

/* Begin PBXNativeTarget section */
		AD08877F1D1B776F00877D4F /* 轮播图作业3 */ = {
			isa = PBXNativeTarget;
			buildConfigurationList = AD0887AD1D1B776F00877D4F /* Build configuration list for PBXNativeTarget "轮播图作业3" */;
			buildPhases = (
				AD08877C1D1B776F00877D4F /* Sources */,
				AD08877D1D1B776F00877D4F /* Frameworks */,
				AD08877E1D1B776F00877D4F /* Resources */,
			);
			buildRules = (
			);
			dependencies = (
			);
			name = "轮播图作业3";
			productName = "轮播图作业3";
			productReference = AD0887801D1B776F00877D4F /* 轮播图作业3.app */;
			productType = "com.apple.product-type.application";
		};
		AD0887981D1B776F00877D4F /* 轮播图作业3Tests */ = {
			isa = PBXNativeTarget;
			buildConfigurationList = AD0887B01D1B776F00877D4F /* Build configuration list for PBXNativeTarget "轮播图作业3Tests" */;
			buildPhases = (
				AD0887951D1B776F00877D4F /* Sources */,
				AD0887961D1B776F00877D4F /* Frameworks */,
				AD0887971D1B776F00877D4F /* Resources */,
			);
			buildRules = (
			);
			dependencies = (
				AD08879B1D1B776F00877D4F /* PBXTargetDependency */,
			);
			name = "轮播图作业3Tests";
			productName = "轮播图作业3Tests";
			productReference = AD0887991D1B776F00877D4F /* 轮播图作业3Tests.xctest */;
			productType = "com.apple.product-type.bundle.unit-test";
		};
		AD0887A31D1B776F00877D4F /* 轮播图作业3UITests */ = {
			isa = PBXNativeTarget;
			buildConfigurationList = AD0887B31D1B776F00877D4F /* Build configuration list for PBXNativeTarget "轮播图作业3UITests" */;
			buildPhases = (
				AD0887A01D1B776F00877D4F /* Sources */,
				AD0887A11D1B776F00877D4F /* Frameworks */,
				AD0887A21D1B776F00877D4F /* Resources */,
			);
			buildRules = (
			);
			dependencies = (
				AD0887A61D1B776F00877D4F /* PBXTargetDependency */,
			);
			name = "轮播图作业3UITests";
			productName = "轮播图作业3UITests";
			productReference = AD0887A41D1B776F00877D4F /* 轮播图作业3UITests.xctest */;
			productType = "com.apple.product-type.bundle.ui-testing";
		};
/* End PBXNativeTarget section */

/* Begin PBXProject section */
		AD0887781D1B776F00877D4F /* Project object */ = {
			isa = PBXProject;
			attributes = {
				LastUpgradeCheck = 0730;
				ORGANIZATIONNAME = "刘宁";
				TargetAttributes = {
					AD08877F1D1B776F00877D4F = {
						CreatedOnToolsVersion = 7.3.1;
						DevelopmentTeam = YGBQG7RFA7;
					};
					AD0887981D1B776F00877D4F = {
						CreatedOnToolsVersion = 7.3.1;
						TestTargetID = AD08877F1D1B776F00877D4F;
					};
					AD0887A31D1B776F00877D4F = {
						CreatedOnToolsVersion = 7.3.1;
						TestTargetID = AD08877F1D1B776F00877D4F;
					};
				};
			};
			buildConfigurationList = AD08877B1D1B776F00877D4F /* Build configuration list for PBXProject "轮播图作业3" */;
			compatibilityVersion = "Xcode 3.2";
			developmentRegion = English;
			hasScannedForEncodings = 0;
			knownRegions = (
				en,
				Base,
			);
			mainGroup = AD0887771D1B776F00877D4F;
			productRefGroup = AD0887811D1B776F00877D4F /* Products */;
			projectDirPath = "";
			projectRoot = "";
			targets = (
				AD08877F1D1B776F00877D4F /* 轮播图作业3 */,
				AD0887981D1B776F00877D4F /* 轮播图作业3Tests */,
				AD0887A31D1B776F00877D4F /* 轮播图作业3UITests */,
			);
		};
/* End PBXProject section */

/* Begin PBXResourcesBuildPhase section */
		AD08877E1D1B776F00877D4F /* Resources */ = {
			isa = PBXResourcesBuildPhase;
			buildActionMask = 2147483647;
			files = (
				AD0887C81D1B795F00877D4F /* 8.png in Resources */,
				AD0887931D1B776F00877D4F /* LaunchScreen.storyboard in Resources */,
				AD0887C41D1B795F00877D4F /* 4.png in Resources */,
				AD0887C11D1B795F00877D4F /* 1.png in Resources */,
				AD0887C61D1B795F00877D4F /* 6.png in Resources */,
				AD0887C21D1B795F00877D4F /* 2.png in Resources */,
				AD0887C31D1B795F00877D4F /* 3.png in Resources */,
				AD0887C51D1B795F00877D4F /* 5.png in Resources */,
				AD0887C71D1B795F00877D4F /* 7.png in Resources */,
				AD0887901D1B776F00877D4F /* Assets.xcassets in Resources */,
				AD08878E1D1B776F00877D4F /* Main.storyboard in Resources */,
			);
			runOnlyForDeploymentPostprocessing = 0;
		};
		AD0887971D1B776F00877D4F /* Resources */ = {
			isa = PBXResourcesBuildPhase;
			buildActionMask = 2147483647;
			files = (
			);
			runOnlyForDeploymentPostprocessing = 0;
		};
		AD0887A21D1B776F00877D4F /* Resources */ = {
			isa = PBXResourcesBuildPhase;
			buildActionMask = 2147483647;
			files = (
			);
			runOnlyForDeploymentPostprocessing = 0;
		};
/* End PBXResourcesBuildPhase section */

/* Begin PBXSourcesBuildPhase section */
		AD08877C1D1B776F00877D4F /* Sources */ = {
			isa = PBXSourcesBuildPhase;
			buildActionMask = 2147483647;
			files = (
				AD0887B81D1B793F00877D4F /* MyUIView.m in Sources */,
				AD08878B1D1B776F00877D4F /* ViewController.m in Sources */,
				AD0887881D1B776F00877D4F /* AppDelegate.m in Sources */,
				AD0887851D1B776F00877D4F /* main.m in Sources */,
			);
			runOnlyForDeploymentPostprocessing = 0;
		};
		AD0887951D1B776F00877D4F /* Sources */ = {
			isa = PBXSourcesBuildPhase;
			buildActionMask = 2147483647;
			files = (
				AD08879E1D1B776F00877D4F /* _____3Tests.m in Sources */,
			);
			runOnlyForDeploymentPostprocessing = 0;
		};
		AD0887A01D1B776F00877D4F /* Sources */ = {
			isa = PBXSourcesBuildPhase;
			buildActionMask = 2147483647;
			files = (
				AD0887A91D1B776F00877D4F /* _____3UITests.m in Sources */,
			);
			runOnlyForDeploymentPostprocessing = 0;
		};
/* End PBXSourcesBuildPhase section */

/* Begin PBXTargetDependency section */
		AD08879B1D1B776F00877D4F /* PBXTargetDependency */ = {
			isa = PBXTargetDependency;
			target = AD08877F1D1B776F00877D4F /* 轮播图作业3 */;
			targetProxy = AD08879A1D1B776F00877D4F /* PBXContainerItemProxy */;
		};
		AD0887A61D1B776F00877D4F /* PBXTargetDependency */ = {
			isa = PBXTargetDependency;
			target = AD08877F1D1B776F00877D4F /* 轮播图作业3 */;
			targetProxy = AD0887A51D1B776F00877D4F /* PBXContainerItemProxy */;
		};
/* End PBXTargetDependency section */

/* Begin PBXVariantGroup section */
		AD08878C1D1B776F00877D4F /* Main.storyboard */ = {
			isa = PBXVariantGroup;
			children = (
				AD08878D1D1B776F00877D4F /* Base */,
			);
			name = Main.storyboard;
			sourceTree = "<group>";
		};
		AD0887911D1B776F00877D4F /* LaunchScreen.storyboard */ = {
			isa = PBXVariantGroup;
			children = (
				AD0887921D1B776F00877D4F /* Base */,
			);
			name = LaunchScreen.storyboard;
			sourceTree = "<group>";
		};
/* End PBXVariantGroup section */

/* Begin XCBuildConfiguration section */
		AD0887AB1D1B776F00877D4F /* Debug */ = {
			isa = XCBuildConfiguration;
			buildSettings = {
				ALWAYS_SEARCH_USER_PATHS = NO;
				CLANG_ANALYZER_NONNULL = YES;
				CLANG_CXX_LANGUAGE_STANDARD = "gnu++0x";
				CLANG_CXX_LIBRARY = "libc++";
				CLANG_ENABLE_MODULES = YES;
				CLANG_ENABLE_OBJC_ARC = YES;
				CLANG_WARN_BOOL_CONVERSION = YES;
				CLANG_WARN_CONSTANT_CONVERSION = YES;
				CLANG_WARN_DIRECT_OBJC_ISA_USAGE = YES_ERROR;
				CLANG_WARN_EMPTY_BODY = YES;
				CLANG_WARN_ENUM_CONVERSION = YES;
				CLANG_WARN_INT_CONVERSION = YES;
				CLANG_WARN_OBJC_ROOT_CLASS = YES_ERROR;
				CLANG_WARN_UNREACHABLE_CODE = YES;
				CLANG_WARN__DUPLICATE_METHOD_MATCH = YES;
				"CODE_SIGN_IDENTITY[sdk=iphoneos*]" = "iPhone Developer";
				COPY_PHASE_STRIP = NO;
				DEBUG_INFORMATION_FORMAT = dwarf;
				ENABLE_STRICT_OBJC_MSGSEND = YES;
				ENABLE_TESTABILITY = YES;
				GCC_C_LANGUAGE_STANDARD = gnu99;
				GCC_DYNAMIC_NO_PIC = NO;
				GCC_NO_COMMON_BLOCKS = YES;
				GCC_OPTIMIZATION_LEVEL = 0;
				GCC_PREPROCESSOR_DEFINITIONS = (
					"DEBUG=1",
					"$(inherited)",
				);
				GCC_WARN_64_TO_32_BIT_CONVERSION = YES;
				GCC_WARN_ABOUT_RETURN_TYPE = YES_ERROR;
				GCC_WARN_UNDECLARED_SELECTOR = YES;
				GCC_WARN_UNINITIALIZED_AUTOS = YES_AGGRESSIVE;
				GCC_WARN_UNUSED_FUNCTION = YES;
				GCC_WARN_UNUSED_VARIABLE = YES;
				IPHONEOS_DEPLOYMENT_TARGET = 9.3;
				MTL_ENABLE_DEBUG_INFO = YES;
				ONLY_ACTIVE_ARCH = YES;
				SDKROOT = iphoneos;
			};
			name = Debug;
		};
		AD0887AC1D1B776F00877D4F /* Release */ = {
			isa = XCBuildConfiguration;
			buildSettings = {
				ALWAYS_SEARCH_USER_PATHS = NO;
				CLANG_ANALYZER_NONNULL = YES;
				CLANG_CXX_LANGUAGE_STANDARD = "gnu++0x";
				CLANG_CXX_LIBRARY = "libc++";
				CLANG_ENABLE_MODULES = YES;
				CLANG_ENABLE_OBJC_ARC = YES;
				CLANG_WARN_BOOL_CONVERSION = YES;
				CLANG_WARN_CONSTANT_CONVERSION = YES;
				CLANG_WARN_DIRECT_OBJC_ISA_USAGE = YES_ERROR;
				CLANG_WARN_EMPTY_BODY = YES;
				CLANG_WARN_ENUM_CONVERSION = YES;
				CLANG_WARN_INT_CONVERSION = YES;
				CLANG_WARN_OBJC_ROOT_CLASS = YES_ERROR;
				CLANG_WARN_UNREACHABLE_CODE = YES;
				CLANG_WARN__DUPLICATE_METHOD_MATCH = YES;
				"CODE_SIGN_IDENTITY[sdk=iphoneos*]" = "iPhone Developer";
				COPY_PHASE_STRIP = NO;
				DEBUG_INFORMATION_FORMAT = "dwarf-with-dsym";
				ENABLE_NS_ASSERTIONS = NO;
				ENABLE_STRICT_OBJC_MSGSEND = YES;
				GCC_C_LANGUAGE_STANDARD = gnu99;
				GCC_NO_COMMON_BLOCKS = YES;
				GCC_WARN_64_TO_32_BIT_CONVERSION = YES;
				GCC_WARN_ABOUT_RETURN_TYPE = YES_ERROR;
				GCC_WARN_UNDECLARED_SELECTOR = YES;
				GCC_WARN_UNINITIALIZED_AUTOS = YES_AGGRESSIVE;
				GCC_WARN_UNUSED_FUNCTION = YES;
				GCC_WARN_UNUSED_VARIABLE = YES;
				IPHONEOS_DEPLOYMENT_TARGET = 9.3;
				MTL_ENABLE_DEBUG_INFO = NO;
				SDKROOT = iphoneos;
				VALIDATE_PRODUCT = YES;
			};
			name = Release;
		};
		AD0887AE1D1B776F00877D4F /* Debug */ = {
			isa = XCBuildConfiguration;
			buildSettings = {
				ASSETCATALOG_COMPILER_APPICON_NAME = AppIcon;
				CODE_SIGN_IDENTITY = "iPhone Developer";
				"CODE_SIGN_IDENTITY[sdk=iphoneos*]" = "iPhone Developer";
				INFOPLIST_FILE = "轮播图作业3/Info.plist";
				LD_RUNPATH_SEARCH_PATHS = "$(inherited) @executable_path/Frameworks";
				PRODUCT_BUNDLE_IDENTIFIER = "com.study.-----3";
				PRODUCT_NAME = "$(TARGET_NAME)";
				PROVISIONING_PROFILE = "";
			};
			name = Debug;
		};
		AD0887AF1D1B776F00877D4F /* Release */ = {
			isa = XCBuildConfiguration;
			buildSettings = {
				ASSETCATALOG_COMPILER_APPICON_NAME = AppIcon;
				CODE_SIGN_IDENTITY = "iPhone Developer";
				"CODE_SIGN_IDENTITY[sdk=iphoneos*]" = "iPhone Developer";
				INFOPLIST_FILE = "轮播图作业3/Info.plist";
				LD_RUNPATH_SEARCH_PATHS = "$(inherited) @executable_path/Frameworks";
				PRODUCT_BUNDLE_IDENTIFIER = "com.study.-----3";
				PRODUCT_NAME = "$(TARGET_NAME)";
				PROVISIONING_PROFILE = "";
			};
			name = Release;
		};
		AD0887B11D1B776F00877D4F /* Debug */ = {
			isa = XCBuildConfiguration;
			buildSettings = {
				BUNDLE_LOADER = "$(TEST_HOST)";
				INFOPLIST_FILE = "轮播图作业3Tests/Info.plist";
				LD_RUNPATH_SEARCH_PATHS = "$(inherited) @executable_path/Frameworks @loader_path/Frameworks";
				PRODUCT_BUNDLE_IDENTIFIER = "com.study.-----3Tests";
				PRODUCT_NAME = "$(TARGET_NAME)";
				TEST_HOST = "$(BUILT_PRODUCTS_DIR)/轮播图作业3.app/轮播图作业3";
			};
			name = Debug;
		};
		AD0887B21D1B776F00877D4F /* Release */ = {
			isa = XCBuildConfiguration;
			buildSettings = {
				BUNDLE_LOADER = "$(TEST_HOST)";
				INFOPLIST_FILE = "轮播图作业3Tests/Info.plist";
				LD_RUNPATH_SEARCH_PATHS = "$(inherited) @executable_path/Frameworks @loader_path/Frameworks";
				PRODUCT_BUNDLE_IDENTIFIER = "com.study.-----3Tests";
				PRODUCT_NAME = "$(TARGET_NAME)";
				TEST_HOST = "$(BUILT_PRODUCTS_DIR)/轮播图作业3.app/轮播图作业3";
			};
			name = Release;
		};
		AD0887B41D1B776F00877D4F /* Debug */ = {
			isa = XCBuildConfiguration;
			buildSettings = {
				INFOPLIST_FILE = "轮播图作业3UITests/Info.plist";
				LD_RUNPATH_SEARCH_PATHS = "$(inherited) @executable_path/Frameworks @loader_path/Frameworks";
				PRODUCT_BUNDLE_IDENTIFIER = "com.study.-----3UITests";
				PRODUCT_NAME = "$(TARGET_NAME)";
				TEST_TARGET_NAME = "轮播图作业3";
			};
			name = Debug;
		};
		AD0887B51D1B776F00877D4F /* Release */ = {
			isa = XCBuildConfiguration;
			buildSettings = {
				INFOPLIST_FILE = "轮播图作业3UITests/Info.plist";
				LD_RUNPATH_SEARCH_PATHS = "$(inherited) @executable_path/Frameworks @loader_path/Frameworks";
				PRODUCT_BUNDLE_IDENTIFIER = "com.study.-----3UITests";
				PRODUCT_NAME = "$(TARGET_NAME)";
				TEST_TARGET_NAME = "轮播图作业3";
			};
			name = Release;
		};
/* End XCBuildConfiguration section */

/* Begin XCConfigurationList section */
		AD08877B1D1B776F00877D4F /* Build configuration list for PBXProject "轮播图作业3" */ = {
			isa = XCConfigurationList;
			buildConfigurations = (
				AD0887AB1D1B776F00877D4F /* Debug */,
				AD0887AC1D1B776F00877D4F /* Release */,
			);
			defaultConfigurationIsVisible = 0;
			defaultConfigurationName = Release;
		};
		AD0887AD1D1B776F00877D4F /* Build configuration list for PBXNativeTarget "轮播图作业3" */ = {
			isa = XCConfigurationList;
			buildConfigurations = (
				AD0887AE1D1B776F00877D4F /* Debug */,
				AD0887AF1D1B776F00877D4F /* Release */,
			);
			defaultConfigurationIsVisible = 0;
			defaultConfigurationName = Release;
		};
		AD0887B01D1B776F00877D4F /* Build configuration list for PBXNativeTarget "轮播图作业3Tests" */ = {
			isa = XCConfigurationList;
			buildConfigurations = (
				AD0887B11D1B776F00877D4F /* Debug */,
				AD0887B21D1B776F00877D4F /* Release */,
			);
			defaultConfigurationIsVisible = 0;
			defaultConfigurationName = Release;
		};
		AD0887B31D1B776F00877D4F /* Build configuration list for PBXNativeTarget "轮播图作业3UITests" */ = {
			isa = XCConfigurationList;
			buildConfigurations = (
				AD0887B41D1B776F00877D4F /* Debug */,
				AD0887B51D1B776F00877D4F /* Release */,
			);
			defaultConfigurationIsVisible = 0;
			defaultConfigurationName = Release;
		};
/* End XCConfigurationList section */
	};
	rootObject = AD0887781D1B776F00877D4F /* Project object */;
}
